{
  "originHash" : "82e995aa49a398176281c12a075d8e5ab1578405b9925e464d95df037591916e",
  "pins" : [
    {
      "identity" : "sahha-swift",
      "kind" : "remoteSourceControl",
      "location" : "https://github.com/sahha-ai/sahha-swift",
      "state" : {
        "revision" : "3acbdd2755a08ca5ae539311880899a3ed77e80f",
        "version" : "0.4.2"
      }
    }
  ],
  "version" : 3
}
